// !$*UTF8*$!
{
	archiveVersion = 1;
	classes = {
	};
	objectVersion = 55;
	objects = {

/* Begin PBXBuildFile section */
		786CB63227F520610064E606 /* AppDelegate.swift in Sources */ = {isa = PBXBuildFile; fileRef = 786CB63127F520610064E606 /* AppDelegate.swift */; };
		786CB63427F520610064E606 /* SceneDelegate.swift in Sources */ = {isa = PBXBuildFile; fileRef = 786CB63327F520610064E606 /* SceneDelegate.swift */; };
		786CB63627F520610064E606 /* ViewController.swift in Sources */ = {isa = PBXBuildFile; fileRef = 786CB63527F520610064E606 /* ViewController.swift */; };
		786CB63927F520610064E606 /* Main.storyboard in Resources */ = {isa = PBXBuildFile; fileRef = 786CB63727F520610064E606 /* Main.storyboard */; };
		786CB63B27F520630064E606 /* Assets.xcassets in Resources */ = {isa = PBXBuildFile; fileRef = 786CB63A27F520630064E606 /* Assets.xcassets */; };
		786CB63E27F520630064E606 /* LaunchScreen.storyboard in Resources */ = {isa = PBXBuildFile; fileRef = 786CB63C27F520630064E606 /* LaunchScreen.storyboard */; };
		786CB64927F520630064E606 /* OMTRI_WordGuessTests.swift in Sources */ = {isa = PBXBuildFile; fileRef = 786CB64827F520630064E606 /* OMTRI_WordGuessTests.swift */; };
		786CB65327F520630064E606 /* OMTRI_WordGuessUITests.swift in Sources */ = {isa = PBXBuildFile; fileRef = 786CB65227F520630064E606 /* OMTRI_WordGuessUITests.swift */; };
		786CB65527F520630064E606 /* OMTRI_WordGuessUITestsLaunchTests.swift in Sources */ = {isa = PBXBuildFile; fileRef = 786CB65427F520630064E606 /* OMTRI_WordGuessUITestsLaunchTests.swift */; };
/* End PBXBuildFile section */

/* Begin PBXContainerItemProxy section */
		786CB64527F520630064E606 /* PBXContainerItemProxy */ = {
			isa = PBXContainerItemProxy;
			containerPortal = 786CB62627F520610064E606 /* Project object */;
			proxyType = 1;
			remoteGlobalIDString = 786CB62D27F520610064E606;
			remoteInfo = OMTRI_WordGuess;
		};
		786CB64F27F520630064E606 /* PBXContainerItemProxy */ = {
			isa = PBXContainerItemProxy;
			containerPortal = 786CB62627F520610064E606 /* Project object */;
			proxyType = 1;
			remoteGlobalIDString = 786CB62D27F520610064E606;
			remoteInfo = OMTRI_WordGuess;
		};
/* End PBXContainerItemProxy section */

/* Begin PBXFileReference section */
		786CB62E27F520610064E606 /* OMTRI_WordGuess.app */ = {isa = PBXFileReference; explicitFileType = wrapper.application; includeInIndex = 0; path = OMTRI_WordGuess.app; sourceTree = BUILT_PRODUCTS_DIR; };
		786CB63127F520610064E606 /* AppDelegate.swift */ = {isa = PBXFileReference; lastKnownFileType = sourcecode.swift; path = AppDelegate.swift; sourceTree = "<group>"; };
		786CB63327F520610064E606 /* SceneDelegate.swift */ = {isa = PBXFileReference; lastKnownFileType = sourcecode.swift; path = SceneDelegate.swift; sourceTree = "<group>"; };
		786CB63527F520610064E606 /* ViewController.swift */ = {isa = PBXFileReference; lastKnownFileType = sourcecode.swift; path = ViewController.swift; sourceTree = "<group>"; };
		786CB63827F520610064E606 /* Base */ = {isa = PBXFileReference; lastKnownFileType = file.storyboard; name = Base; path = Base.lproj/Main.storyboard; sourceTree = "<group>"; };
		786CB63A27F520630064E606 /* Assets.xcassets */ = {isa = PBXFileReference; lastKnownFileType = folder.assetcatalog; path = Assets.xcassets; sourceTree = "<group>"; };
		786CB63D27F520630064E606 /* Base */ = {isa = PBXFileReference; lastKnownFileType = file.storyboard; name = Base; path = Base.lproj/LaunchScreen.storyboard; sourceTree = "<group>"; };
		786CB63F27F520630064E606 /* Info.plist */ = {isa = PBXFileReference; lastKnownFileType = text.plist.xml; path = Info.plist; sourceTree = "<group>"; };
		786CB64427F520630064E606 /* OMTRI_WordGuessTests.xctest */ = {isa = PBXFileReference; explicitFileType = wrapper.cfbundle; includeInIndex = 0; path = OMTRI_WordGuessTests.xctest; sourceTree = BUILT_PRODUCTS_DIR; };
		786CB64827F520630064E606 /* OMTRI_WordGuessTests.swift */ = {isa = PBXFileReference; lastKnownFileType = sourcecode.swift; path = OMTRI_WordGuessTests.swift; sourceTree = "<group>"; };
		786CB64E27F520630064E606 /* OMTRI_WordGuessUITests.xctest */ = {isa = PBXFileReference; explicitFileType = wrapper.cfbundle; includeInIndex = 0; path = OMTRI_WordGuessUITests.xctest; sourceTree = BUILT_PRODUCTS_DIR; };
		786CB65227F520630064E606 /* OMTRI_WordGuessUITests.swift */ = {isa = PBXFileReference; lastKnownFileType = sourcecode.swift; path = OMTRI_WordGuessUITests.swift; sourceTree = "<group>"; };
		786CB65427F520630064E606 /* OMTRI_WordGuessUITestsLaunchTests.swift */ = {isa = PBXFileReference; lastKnownFileType = sourcecode.swift; path = OMTRI_WordGuessUITestsLaunchTests.swift; sourceTree = "<group>"; };
/* End PBXFileReference section */

/* Begin PBXFrameworksBuildPhase section */
		786CB62B27F520610064E606 /* Frameworks */ = {
			isa = PBXFrameworksBuildPhase;
			buildActionMask = 2147483647;
			files = (
			);
			runOnlyForDeploymentPostprocessing = 0;
		};
		786CB64127F520630064E606 /* Frameworks */ = {
			isa = PBXFrameworksBuildPhase;
			buildActionMask = 2147483647;
			files = (
			);
			runOnlyForDeploymentPostprocessing = 0;
		};
		786CB64B27F520630064E606 /* Frameworks */ = {
			isa = PBXFrameworksBuildPhase;
			buildActionMask = 2147483647;
			files = (
			);
			runOnlyForDeploymentPostprocessing = 0;
		};
/* End PBXFrameworksBuildPhase section */

/* Begin PBXGroup section */
		786CB62527F520610064E606 = {
			isa = PBXGroup;
			children = (
				786CB63027F520610064E606 /* OMTRI_WordGuess */,
				786CB64727F520630064E606 /* OMTRI_WordGuessTests */,
				786CB65127F520630064E606 /* OMTRI_WordGuessUITests */,
				786CB62F27F520610064E606 /* Products */,
			);
			sourceTree = "<group>";
		};
		786CB62F27F520610064E606 /* Products */ = {
			isa = PBXGroup;
			children = (
				786CB62E27F520610064E606 /* OMTRI_WordGuess.app */,
				786CB64427F520630064E606 /* OMTRI_WordGuessTests.xctest */,
				786CB64E27F520630064E606 /* OMTRI_WordGuessUITests.xctest */,
			);
			name = Products;
			sourceTree = "<group>";
		};
		786CB63027F520610064E606 /* OMTRI_WordGuess */ = {
			isa = PBXGroup;
			children = (
				786CB63127F520610064E606 /* AppDelegate.swift */,
				786CB63327F520610064E606 /* SceneDelegate.swift */,
				786CB63527F520610064E606 /* ViewController.swift */,
				786CB63727F520610064E606 /* Main.storyboard */,
				786CB63A27F520630064E606 /* Assets.xcassets */,
				786CB63C27F520630064E606 /* LaunchScreen.storyboard */,
				786CB63F27F520630064E606 /* Info.plist */,
			);
			path = OMTRI_WordGuess;
			sourceTree = "<group>";
		};
		786CB64727F520630064E606 /* OMTRI_WordGuessTests */ = {
			isa = PBXGroup;
			children = (
				786CB64827F520630064E606 /* OMTRI_WordGuessTests.swift */,
			);
			path = OMTRI_WordGuessTests;
			sourceTree = "<group>";
		};
		786CB65127F520630064E606 /* OMTRI_WordGuessUITests */ = {
			isa = PBXGroup;
			children = (
				786CB65227F520630064E606 /* OMTRI_WordGuessUITests.swift */,
				786CB65427F520630064E606 /* OMTRI_WordGuessUITestsLaunchTests.swift */,
			);
			path = OMTRI_WordGuessUITests;
			sourceTree = "<group>";
		};
/* End PBXGroup section */

/* Begin PBXNativeTarget section */
		786CB62D27F520610064E606 /* OMTRI_WordGuess */ = {
			isa = PBXNativeTarget;
			buildConfigurationList = 786CB65827F520630064E606 /* Build configuration list for PBXNativeTarget "OMTRI_WordGuess" */;
			buildPhases = (
				786CB62A27F520610064E606 /* Sources */,
				786CB62B27F520610064E606 /* Frameworks */,
				786CB62C27F520610064E606 /* Resources */,
			);
			buildRules = (
			);
			dependencies = (
			);
			name = OMTRI_WordGuess;
			productName = OMTRI_WordGuess;
			productReference = 786CB62E27F520610064E606 /* OMTRI_WordGuess.app */;
			productType = "com.apple.product-type.application";
		};
		786CB64327F520630064E606 /* OMTRI_WordGuessTests */ = {
			isa = PBXNativeTarget;
			buildConfigurationList = 786CB65B27F520630064E606 /* Build configuration list for PBXNativeTarget "OMTRI_WordGuessTests" */;
			buildPhases = (
				786CB64027F520630064E606 /* Sources */,
				786CB64127F520630064E606 /* Frameworks */,
				786CB64227F520630064E606 /* Resources */,
			);
			buildRules = (
			);
			dependencies = (
				786CB64627F520630064E606 /* PBXTargetDependency */,
			);
			name = OMTRI_WordGuessTests;
			productName = OMTRI_WordGuessTests;
			productReference = 786CB64427F520630064E606 /* OMTRI_WordGuessTests.xctest */;
			productType = "com.apple.product-type.bundle.unit-test";
		};
		786CB64D27F520630064E606 /* OMTRI_WordGuessUITests */ = {
			isa = PBXNativeTarget;
			buildConfigurationList = 786CB65E27F520630064E606 /* Build configuration list for PBXNativeTarget "OMTRI_WordGuessUITests" */;
			buildPhases = (
				786CB64A27F520630064E606 /* Sources */,
				786CB64B27F520630064E606 /* Frameworks */,
				786CB64C27F520630064E606 /* Resources */,
			);
			buildRules = (
			);
			dependencies = (
				786CB65027F520630064E606 /* PBXTargetDependency */,
			);
			name = OMTRI_WordGuessUITests;
			productName = OMTRI_WordGuessUITests;
			productReference = 786CB64E27F520630064E606 /* OMTRI_WordGuessUITests.xctest */;
			productType = "com.apple.product-type.bundle.ui-testing";
		};
/* End PBXNativeTarget section */

/* Begin PBXProject section */
		786CB62627F520610064E606 /* Project object */ = {
			isa = PBXProject;
			attributes = {
				BuildIndependentTargetsInParallel = 1;
				LastSwiftUpdateCheck = 1320;
				LastUpgradeCheck = 1320;
				TargetAttributes = {
					786CB62D27F520610064E606 = {
						CreatedOnToolsVersion = 13.2.1;
					};
					786CB64327F520630064E606 = {
						CreatedOnToolsVersion = 13.2.1;
						TestTargetID = 786CB62D27F520610064E606;
					};
					786CB64D27F520630064E606 = {
						CreatedOnToolsVersion = 13.2.1;
						TestTargetID = 786CB62D27F520610064E606;
					};
				};
			};
			buildConfigurationList = 786CB62927F520610064E606 /* Build configuration list for PBXProject "OMTRI_WordGuess" */;
			compatibilityVersion = "Xcode 13.0";
			developmentRegion = en;
			hasScannedForEncodings = 0;
			knownRegions = (
				en,
				Base,
			);
			mainGroup = 786CB62527F520610064E606;
			productRefGroup = 786CB62F27F520610064E606 /* Products */;
			projectDirPath = "";
			projectRoot = "";
			targets = (
				786CB62D27F520610064E606 /* OMTRI_WordGuess */,
				786CB64327F520630064E606 /* OMTRI_WordGuessTests */,
				786CB64D27F520630064E606 /* OMTRI_WordGuessUITests */,
			);
		};
/* End PBXProject section */

/* Begin PBXResourcesBuildPhase section */
		786CB62C27F520610064E606 /* Resources */ = {
			isa = PBXResourcesBuildPhase;
			buildActionMask = 2147483647;
			files = (
				786CB63E27F520630064E606 /* LaunchScreen.storyboard in Resources */,
				786CB63B27F520630064E606 /* Assets.xcassets in Resources */,
				786CB63927F520610064E606 /* Main.storyboard in Resources */,
			);
			runOnlyForDeploymentPostprocessing = 0;
		};
		786CB64227F520630064E606 /* Resources */ = {
			isa = PBXResourcesBuildPhase;
			buildActionMask = 2147483647;
			files = (
			);
			runOnlyForDeploymentPostprocessing = 0;
		};
		786CB64C27F520630064E606 /* Resources */ = {
			isa = PBXResourcesBuildPhase;
			buildActionMask = 2147483647;
			files = (
			);
			runOnlyForDeploymentPostprocessing = 0;
		};
/* End PBXResourcesBuildPhase section */

/* Begin PBXSourcesBuildPhase section */
		786CB62A27F520610064E606 /* Sources */ = {
			isa = PBXSourcesBuildPhase;
			buildActionMask = 2147483647;
			files = (
				786CB63627F520610064E606 /* ViewController.swift in Sources */,
				786CB63227F520610064E606 /* AppDelegate.swift in Sources */,
				786CB63427F520610064E606 /* SceneDelegate.swift in Sources */,
			);
			runOnlyForDeploymentPostprocessing = 0;
		};
		786CB64027F520630064E606 /* Sources */ = {
			isa = PBXSourcesBuildPhase;
			buildActionMask = 2147483647;
			files = (
				786CB64927F520630064E606 /* OMTRI_WordGuessTests.swift in Sources */,
			);
			runOnlyForDeploymentPostprocessing = 0;
		};
		786CB64A27F520630064E606 /* Sources */ = {
			isa = PBXSourcesBuildPhase;
			buildActionMask = 2147483647;
			files = (
				786CB65527F520630064E606 /* OMTRI_WordGuessUITestsLaunchTests.swift in Sources */,
				786CB65327F520630064E606 /* OMTRI_WordGuessUITests.swift in Sources */,
			);
			runOnlyForDeploymentPostprocessing = 0;
		};
/* End PBXSourcesBuildPhase section */

/* Begin PBXTargetDependency section */
		786CB64627F520630064E606 /* PBXTargetDependency */ = {
			isa = PBXTargetDependency;
			target = 786CB62D27F520610064E606 /* OMTRI_WordGuess */;
			targetProxy = 786CB64527F520630064E606 /* PBXContainerItemProxy */;
		};
		786CB65027F520630064E606 /* PBXTargetDependency */ = {
			isa = PBXTargetDependency;
			target = 786CB62D27F520610064E606 /* OMTRI_WordGuess */;
			targetProxy = 786CB64F27F520630064E606 /* PBXContainerItemProxy */;
		};
/* End PBXTargetDependency section */

/* Begin PBXVariantGroup section */
		786CB63727F520610064E606 /* Main.storyboard */ = {
			isa = PBXVariantGroup;
			children = (
				786CB63827F520610064E606 /* Base */,
			);
			name = Main.storyboard;
			sourceTree = "<group>";
		};
		786CB63C27F520630064E606 /* LaunchScreen.storyboard */ = {
			isa = PBXVariantGroup;
			children = (
				786CB63D27F520630064E606 /* Base */,
			);
			name = LaunchScreen.storyboard;
			sourceTree = "<group>";
		};
/* End PBXVariantGroup section */

/* Begin XCBuildConfiguration section */
		786CB65627F520630064E606 /* Debug */ = {
			isa = XCBuildConfiguration;
			buildSettings = {
				ALWAYS_SEARCH_USER_PATHS = NO;
				CLANG_ANALYZER_NONNULL = YES;
				CLANG_ANALYZER_NUMBER_OBJECT_CONVERSION = YES_AGGRESSIVE;
				CLANG_CXX_LANGUAGE_STANDARD = "gnu++17";
				CLANG_CXX_LIBRARY = "libc++";
				CLANG_ENABLE_MODULES = YES;
				CLANG_ENABLE_OBJC_ARC = YES;
				CLANG_ENABLE_OBJC_WEAK = YES;
				CLANG_WARN_BLOCK_CAPTURE_AUTORELEASING = YES;
				CLANG_WARN_BOOL_CONVERSION = YES;
				CLANG_WARN_COMMA = YES;
				CLANG_WARN_CONSTANT_CONVERSION = YES;
				CLANG_WARN_DEPRECATED_OBJC_IMPLEMENTATIONS = YES;
				CLANG_WARN_DIRECT_OBJC_ISA_USAGE = YES_ERROR;
				CLANG_WARN_DOCUMENTATION_COMMENTS = YES;
				CLANG_WARN_EMPTY_BODY = YES;
				CLANG_WARN_ENUM_CONVERSION = YES;
				CLANG_WARN_INFINITE_RECURSION = YES;
				CLANG_WARN_INT_CONVERSION = YES;
				CLANG_WARN_NON_LITERAL_NULL_CONVERSION = YES;
				CLANG_WARN_OBJC_IMPLICIT_RETAIN_SELF = YES;
				CLANG_WARN_OBJC_LITERAL_CONVERSION = YES;
				CLANG_WARN_OBJC_ROOT_CLASS = YES_ERROR;
				CLANG_WARN_QUOTED_INCLUDE_IN_FRAMEWORK_HEADER = YES;
				CLANG_WARN_RANGE_LOOP_ANALYSIS = YES;
				CLANG_WARN_STRICT_PROTOTYPES = YES;
				CLANG_WARN_SUSPICIOUS_MOVE = YES;
				CLANG_WARN_UNGUARDED_AVAILABILITY = YES_AGGRESSIVE;
				CLANG_WARN_UNREACHABLE_CODE = YES;
				CLANG_WARN__DUPLICATE_METHOD_MATCH = YES;
				COPY_PHASE_STRIP = NO;
				DEBUG_INFORMATION_FORMAT = dwarf;
				ENABLE_STRICT_OBJC_MSGSEND = YES;
				ENABLE_TESTABILITY = YES;
				GCC_C_LANGUAGE_STANDARD = gnu11;
				GCC_DYNAMIC_NO_PIC = NO;
				GCC_NO_COMMON_BLOCKS = YES;
				GCC_OPTIMIZATION_LEVEL = 0;
				GCC_PREPROCESSOR_DEFINITIONS = (
					"DEBUG=1",
					"$(inherited)",
				);
				GCC_WARN_64_TO_32_BIT_CONVERSION = YES;
				GCC_WARN_ABOUT_RETURN_TYPE = YES_ERROR;
				GCC_WARN_UNDECLARED_SELECTOR = YES;
				GCC_WARN_UNINITIALIZED_AUTOS = YES_AGGRESSIVE;
				GCC_WARN_UNUSED_FUNCTION = YES;
				GCC_WARN_UNUSED_VARIABLE = YES;
				IPHONEOS_DEPLOYMENT_TARGET = 15.2;
				MTL_ENABLE_DEBUG_INFO = INCLUDE_SOURCE;
				MTL_FAST_MATH = YES;
				ONLY_ACTIVE_ARCH = YES;
				SDKROOT = iphoneos;
				SWIFT_ACTIVE_COMPILATION_CONDITIONS = DEBUG;
				SWIFT_OPTIMIZATION_LEVEL = "-Onone";
			};
			name = Debug;
		};
		786CB65727F520630064E606 /* Release */ = {
			isa = XCBuildConfiguration;
			buildSettings = {
				ALWAYS_SEARCH_USER_PATHS = NO;
				CLANG_ANALYZER_NONNULL = YES;
				CLANG_ANALYZER_NUMBER_OBJECT_CONVERSION = YES_AGGRESSIVE;
				CLANG_CXX_LANGUAGE_STANDARD = "gnu++17";
				CLANG_CXX_LIBRARY = "libc++";
				CLANG_ENABLE_MODULES = YES;
				CLANG_ENABLE_OBJC_ARC = YES;
				CLANG_ENABLE_OBJC_WEAK = YES;
				CLANG_WARN_BLOCK_CAPTURE_AUTORELEASING = YES;
				CLANG_WARN_BOOL_CONVERSION = YES;
				CLANG_WARN_COMMA = YES;
				CLANG_WARN_CONSTANT_CONVERSION = YES;
				CLANG_WARN_DEPRECATED_OBJC_IMPLEMENTATIONS = YES;
				CLANG_WARN_DIRECT_OBJC_ISA_USAGE = YES_ERROR;
				CLANG_WARN_DOCUMENTATION_COMMENTS = YES;
				CLANG_WARN_EMPTY_BODY = YES;
				CLANG_WARN_ENUM_CONVERSION = YES;
				CLANG_WARN_INFINITE_RECURSION = YES;
				CLANG_WARN_INT_CONVERSION = YES;
				CLANG_WARN_NON_LITERAL_NULL_CONVERSION = YES;
				CLANG_WARN_OBJC_IMPLICIT_RETAIN_SELF = YES;
				CLANG_WARN_OBJC_LITERAL_CONVERSION = YES;
				CLANG_WARN_OBJC_ROOT_CLASS = YES_ERROR;
				CLANG_WARN_QUOTED_INCLUDE_IN_FRAMEWORK_HEADER = YES;
				CLANG_WARN_RANGE_LOOP_ANALYSIS = YES;
				CLANG_WARN_STRICT_PROTOTYPES = YES;
				CLANG_WARN_SUSPICIOUS_MOVE = YES;
				CLANG_WARN_UNGUARDED_AVAILABILITY = YES_AGGRESSIVE;
				CLANG_WARN_UNREACHABLE_CODE = YES;
				CLANG_WARN__DUPLICATE_METHOD_MATCH = YES;
				COPY_PHASE_STRIP = NO;
				DEBUG_INFORMATION_FORMAT = "dwarf-with-dsym";
				ENABLE_NS_ASSERTIONS = NO;
				ENABLE_STRICT_OBJC_MSGSEND = YES;
				GCC_C_LANGUAGE_STANDARD = gnu11;
				GCC_NO_COMMON_BLOCKS = YES;
				GCC_WARN_64_TO_32_BIT_CONVERSION = YES;
				GCC_WARN_ABOUT_RETURN_TYPE = YES_ERROR;
				GCC_WARN_UNDECLARED_SELECTOR = YES;
				GCC_WARN_UNINITIALIZED_AUTOS = YES_AGGRESSIVE;
				GCC_WARN_UNUSED_FUNCTION = YES;
				GCC_WARN_UNUSED_VARIABLE = YES;
				IPHONEOS_DEPLOYMENT_TARGET = 15.2;
				MTL_ENABLE_DEBUG_INFO = NO;
				MTL_FAST_MATH = YES;
				SDKROOT = iphoneos;
				SWIFT_COMPILATION_MODE = wholemodule;
				SWIFT_OPTIMIZATION_LEVEL = "-O";
				VALIDATE_PRODUCT = YES;
			};
			name = Release;
		};
		786CB65927F520630064E606 /* Debug */ = {
			isa = XCBuildConfiguration;
			buildSettings = {
				ASSETCATALOG_COMPILER_APPICON_NAME = AppIcon;
				ASSETCATALOG_COMPILER_GLOBAL_ACCENT_COLOR_NAME = AccentColor;
				CODE_SIGN_STYLE = Automatic;
				CURRENT_PROJECT_VERSION = 1;
				GENERATE_INFOPLIST_FILE = YES;
				INFOPLIST_FILE = OMTRI_WordGuess/Info.plist;
				INFOPLIST_KEY_CFBundleDisplayName = OMTRI_WordGuess;
				INFOPLIST_KEY_UIApplicationSupportsIndirectInputEvents = YES;
				INFOPLIST_KEY_UILaunchStoryboardName = LaunchScreen;
				INFOPLIST_KEY_UIMainStoryboardFile = Main;
				INFOPLIST_KEY_UISupportedInterfaceOrientations_iPad = "UIInterfaceOrientationPortrait UIInterfaceOrientationPortraitUpsideDown UIInterfaceOrientationLandscapeLeft UIInterfaceOrientationLandscapeRight";
				INFOPLIST_KEY_UISupportedInterfaceOrientations_iPhone = "UIInterfaceOrientationPortrait UIInterfaceOrientationLandscapeLeft UIInterfaceOrientationLandscapeRight";
				LD_RUNPATH_SEARCH_PATHS = (
					"$(inherited)",
					"@executable_path/Frameworks",
				);
				MARKETING_VERSION = 1.0;
				PRODUCT_BUNDLE_IDENTIFIER = "nwmissouri.OMTRI-WordGuess";
				PRODUCT_NAME = "$(TARGET_NAME)";
				SWIFT_EMIT_LOC_STRINGS = YES;
				SWIFT_VERSION = 5.0;
				TARGETED_DEVICE_FAMILY = "1,2";
			};
			name = Debug;
		};
		786CB65A27F520630064E606 /* Release */ = {
			isa = XCBuildConfiguration;
			buildSettings = {
				ASSETCATALOG_COMPILER_APPICON_NAME = AppIcon;
				ASSETCATALOG_COMPILER_GLOBAL_ACCENT_COLOR_NAME = AccentColor;
				CODE_SIGN_STYLE = Automatic;
				CURRENT_PROJECT_VERSION = 1;
				GENERATE_INFOPLIST_FILE = YES;
				INFOPLIST_FILE = OMTRI_WordGuess/Info.plist;
				INFOPLIST_KEY_CFBundleDisplayName = OMTRI_WordGuess;
				INFOPLIST_KEY_UIApplicationSupportsIndirectInputEvents = YES;
				INFOPLIST_KEY_UILaunchStoryboardName = LaunchScreen;
				INFOPLIST_KEY_UIMainStoryboardFile = Main;
				INFOPLIST_KEY_UISupportedInterfaceOrientations_iPad = "UIInterfaceOrientationPortrait UIInterfaceOrientationPortraitUpsideDown UIInterfaceOrientationLandscapeLeft UIInterfaceOrientationLandscapeRight";
				INFOPLIST_KEY_UISupportedInterfaceOrientations_iPhone = "UIInterfaceOrientationPortrait UIInterfaceOrientationLandscapeLeft UIInterfaceOrientationLandscapeRight";
				LD_RUNPATH_SEARCH_PATHS = (
					"$(inherited)",
					"@executable_path/Frameworks",
				);
				MARKETING_VERSION = 1.0;
				PRODUCT_BUNDLE_IDENTIFIER = "nwmissouri.OMTRI-WordGuess";
				PRODUCT_NAME = "$(TARGET_NAME)";
				SWIFT_EMIT_LOC_STRINGS = YES;
				SWIFT_VERSION = 5.0;
				TARGETED_DEVICE_FAMILY = "1,2";
			};
			name = Release;
		};
		786CB65C27F520630064E606 /* Debug */ = {
			isa = XCBuildConfiguration;
			buildSettings = {
				ALWAYS_EMBED_SWIFT_STANDARD_LIBRARIES = YES;
				BUNDLE_LOADER = "$(TEST_HOST)";
				CODE_SIGN_STYLE = Automatic;
				CURRENT_PROJECT_VERSION = 1;
				GENERATE_INFOPLIST_FILE = YES;
				IPHONEOS_DEPLOYMENT_TARGET = 15.2;
				MARKETING_VERSION = 1.0;
				PRODUCT_BUNDLE_IDENTIFIER = "nwmissouri.OMTRI-WordGuessTests";
				PRODUCT_NAME = "$(TARGET_NAME)";
				SWIFT_EMIT_LOC_STRINGS = NO;
				SWIFT_VERSION = 5.0;
				TARGETED_DEVICE_FAMILY = "1,2";
				TEST_HOST = "$(BUILT_PRODUCTS_DIR)/OMTRI_WordGuess.app/OMTRI_WordGuess";
			};
			name = Debug;
		};
		786CB65D27F520630064E606 /* Release */ = {
			isa = XCBuildConfiguration;
			buildSettings = {
				ALWAYS_EMBED_SWIFT_STANDARD_LIBRARIES = YES;
				BUNDLE_LOADER = "$(TEST_HOST)";
				CODE_SIGN_STYLE = Automatic;
				CURRENT_PROJECT_VERSION = 1;
				GENERATE_INFOPLIST_FILE = YES;
				IPHONEOS_DEPLOYMENT_TARGET = 15.2;
				MARKETING_VERSION = 1.0;
				PRODUCT_BUNDLE_IDENTIFIER = "nwmissouri.OMTRI-WordGuessTests";
				PRODUCT_NAME = "$(TARGET_NAME)";
				SWIFT_EMIT_LOC_STRINGS = NO;
				SWIFT_VERSION = 5.0;
				TARGETED_DEVICE_FAMILY = "1,2";
				TEST_HOST = "$(BUILT_PRODUCTS_DIR)/OMTRI_WordGuess.app/OMTRI_WordGuess";
			};
			name = Release;
		};
		786CB65F27F520630064E606 /* Debug */ = {
			isa = XCBuildConfiguration;
			buildSettings = {
				ALWAYS_EMBED_SWIFT_STANDARD_LIBRARIES = YES;
				CODE_SIGN_STYLE = Automatic;
				CURRENT_PROJECT_VERSION = 1;
				GENERATE_INFOPLIST_FILE = YES;
				MARKETING_VERSION = 1.0;
				PRODUCT_BUNDLE_IDENTIFIER = "nwmissouri.OMTRI-WordGuessUITests";
				PRODUCT_NAME = "$(TARGET_NAME)";
				SWIFT_EMIT_LOC_STRINGS = NO;
				SWIFT_VERSION = 5.0;
				TARGETED_DEVICE_FAMILY = "1,2";
				TEST_TARGET_NAME = OMTRI_WordGuess;
			};
			name = Debug;
		};
		786CB66027F520630064E606 /* Release */ = {
			isa = XCBuildConfiguration;
			buildSettings = {
				ALWAYS_EMBED_SWIFT_STANDARD_LIBRARIES = YES;
				CODE_SIGN_STYLE = Automatic;
				CURRENT_PROJECT_VERSION = 1;
				GENERATE_INFOPLIST_FILE = YES;
				MARKETING_VERSION = 1.0;
				PRODUCT_BUNDLE_IDENTIFIER = "nwmissouri.OMTRI-WordGuessUITests";
				PRODUCT_NAME = "$(TARGET_NAME)";
				SWIFT_EMIT_LOC_STRINGS = NO;
				SWIFT_VERSION = 5.0;
				TARGETED_DEVICE_FAMILY = "1,2";
				TEST_TARGET_NAME = OMTRI_WordGuess;
			};
			name = Release;
		};
/* End XCBuildConfiguration section */

/* Begin XCConfigurationList section */
		786CB62927F520610064E606 /* Build configuration list for PBXProject "OMTRI_WordGuess" */ = {
			isa = XCConfigurationList;
			buildConfigurations = (
				786CB65627F520630064E606 /* Debug */,
				786CB65727F520630064E606 /* Release */,
			);
			defaultConfigurationIsVisible = 0;
			defaultConfigurationName = Release;
		};
		786CB65827F520630064E606 /* Build configuration list for PBXNativeTarget "OMTRI_WordGuess" */ = {
			isa = XCConfigurationList;
			buildConfigurations = (
				786CB65927F520630064E606 /* Debug */,
				786CB65A27F520630064E606 /* Release */,
			);
			defaultConfigurationIsVisible = 0;
			defaultConfigurationName = Release;
		};
		786CB65B27F520630064E606 /* Build configuration list for PBXNativeTarget "OMTRI_WordGuessTests" */ = {
			isa = XCConfigurationList;
			buildConfigurations = (
				786CB65C27F520630064E606 /* Debug */,
				786CB65D27F520630064E606 /* Release */,
			);
			defaultConfigurationIsVisible = 0;
			defaultConfigurationName = Release;
		};
		786CB65E27F520630064E606 /* Build configuration list for PBXNativeTarget "OMTRI_WordGuessUITests" */ = {
			isa = XCConfigurationList;
			buildConfigurations = (
				786CB65F27F520630064E606 /* Debug */,
				786CB66027F520630064E606 /* Release */,
			);
			defaultConfigurationIsVisible = 0;
			defaultConfigurationName = Release;
		};
/* End XCConfigurationList section */
	};
	rootObject = 786CB62627F520610064E606 /* Project object */;
}
